
Microsoft Visual Studio Solution File, Format Version 12.00
# Visual Studio Version 16
VisualStudioVersion = 16.0.30413.136
MinimumVisualStudioVersion = 10.0.40219.1
Project("{FAE04EC0-301F-11D3-BF4B-00C04F79EFBC}") = "ApiTestingProject", "ApiTestingProject.csproj", "{8D4FE3E2-A439-4C3B-94A8-F4073D2BCC5C}"
EndProject
Project("{FAE04EC0-301F-11D3-BF4B-00C04F79EFBC}") = "TokenAPI", "..\TokenAPI\TokenAPI.csproj", "{F8DC1388-1D3B-4843-BC5A-70C36414029C}"
EndProject
Project("{FAE04EC0-301F-11D3-BF4B-00C04F79EFBC}") = "JsonConverterTests", "..\JsonConverterTests\JsonConverterTests.csproj", "{6CD2D874-7B27-40FC-B1A8-64D905CDFD5B}"
EndProject
Global
	GlobalSection(SolutionConfigurationPlatforms) = preSolution
		Debug|Any CPU = Debug|Any CPU
		Release|Any CPU = Release|Any CPU
	EndGlobalSection
	GlobalSection(ProjectConfigurationPlatforms) = postSolution
		{8D4FE3E2-A439-4C3B-94A8-F4073D2BCC5C}.Debug|Any CPU.ActiveCfg = Debug|Any CPU
		{8D4FE3E2-A439-4C3B-94A8-F4073D2BCC5C}.Debug|Any CPU.Build.0 = Debug|Any CPU
		{8D4FE3E2-A439-4C3B-94A8-F4073D2BCC5C}.Release|Any CPU.ActiveCfg = Release|Any CPU
		{8D4FE3E2-A439-4C3B-94A8-F4073D2BCC5C}.Release|Any CPU.Build.0 = Release|Any CPU
		{F8DC1388-1D3B-4843-BC5A-70C36414029C}.Debug|Any CPU.ActiveCfg = Debug|Any CPU
		{F8DC1388-1D3B-4843-BC5A-70C36414029C}.Debug|Any CPU.Build.0 = Debug|Any CPU
		{F8DC1388-1D3B-4843-BC5A-70C36414029C}.Release|Any CPU.ActiveCfg = Release|Any CPU
		{F8DC1388-1D3B-4843-BC5A-70C36414029C}.Release|Any CPU.Build.0 = Release|Any CPU
		{6CD2D874-7B27-40FC-B1A8-64D905CDFD5B}.Debug|Any CPU.ActiveCfg = Debug|Any CPU
		{6CD2D874-7B27-40FC-B1A8-64D905CDFD5B}.Debug|Any CPU.Build.0 = Debug|Any CPU
		{6CD2D874-7B27-40FC-B1A8-64D905CDFD5B}.Release|Any CPU.ActiveCfg = Release|Any CPU
		{6CD2D874-7B27-40FC-B1A8-64D905CDFD5B}.Release|Any CPU.Build.0 = Release|Any CPU
	EndGlobalSection
	GlobalSection(SolutionProperties) = preSolution
		HideSolutionNode = FALSE
	EndGlobalSection
	GlobalSection(ExtensibilityGlobals) = postSolution
		SolutionGuid = {CDD4B55D-FB49-4379-B34B-2A09C86BC378}
	EndGlobalSection
EndGlobal
